gitee.com/MM-Q/go-kit v0.0.19 h1:r0XsJGwEipQQgrnMxf/QWL5NldDq/FZHzaZy7eLO0r8=
gitee.com/MM-Q/go-kit v0.0.19/go.mod h1:cSwANtlCUQX8YohddXwuq7Z5GD06ZkCY0Uyq2TEIcko=
github.com/kylelemons/godebug v1.1.0 h1:RPNrshWIDI6G2gRW9EHilWtl7Z6Sb1BR0xunSBf0SNc=
github.com/kylelemons/godebug v1.1.0/go.mod h1:9/0rRGxNHcop5bhtWyNeEfOS8JIWk580+fNqagV/RAw=
